
Microsoft Visual Studio Solution File, Format Version 12.00
# Visual Studio Version 16
VisualStudioVersion = 16.0.31613.86
MinimumVisualStudioVersion = 10.0.40219.1
Project("{FAE04EC0-301F-11D3-BF4B-00C04F79EFBC}") = "Consola", "Consola\Consola.csproj", "{4DD95B23-48F0-442F-8A03-0FD4F948FE4D}"
EndProject
Project("{FAE04EC0-301F-11D3-BF4B-00C04F79EFBC}") = "Desktop", "..\Desktop\Desktop.csproj", "{79751C35-BFD2-4514-BCF3-F412AF1075EA}"
EndProject
Project("{FAE04EC0-301F-11D3-BF4B-00C04F79EFBC}") = "Web", "Web\Web.csproj", "{DE399107-A503-4754-8568-739F8F1D49F5}"
EndProject
Global
	GlobalSection(SolutionConfigurationPlatforms) = preSolution
		Debug|Any CPU = Debug|Any CPU
		Release|Any CPU = Release|Any CPU
	EndGlobalSection
	GlobalSection(ProjectConfigurationPlatforms) = postSolution
		{4DD95B23-48F0-442F-8A03-0FD4F948FE4D}.Debug|Any CPU.ActiveCfg = Debug|Any CPU
		{4DD95B23-48F0-442F-8A03-0FD4F948FE4D}.Debug|Any CPU.Build.0 = Debug|Any CPU
		{4DD95B23-48F0-442F-8A03-0FD4F948FE4D}.Release|Any CPU.ActiveCfg = Release|Any CPU
		{4DD95B23-48F0-442F-8A03-0FD4F948FE4D}.Release|Any CPU.Build.0 = Release|Any CPU
		{79751C35-BFD2-4514-BCF3-F412AF1075EA}.Debug|Any CPU.ActiveCfg = Debug|Any CPU
		{79751C35-BFD2-4514-BCF3-F412AF1075EA}.Debug|Any CPU.Build.0 = Debug|Any CPU
		{79751C35-BFD2-4514-BCF3-F412AF1075EA}.Release|Any CPU.ActiveCfg = Release|Any CPU
		{79751C35-BFD2-4514-BCF3-F412AF1075EA}.Release|Any CPU.Build.0 = Release|Any CPU
		{DE399107-A503-4754-8568-739F8F1D49F5}.Debug|Any CPU.ActiveCfg = Debug|Any CPU
		{DE399107-A503-4754-8568-739F8F1D49F5}.Debug|Any CPU.Build.0 = Debug|Any CPU
		{DE399107-A503-4754-8568-739F8F1D49F5}.Release|Any CPU.ActiveCfg = Release|Any CPU
		{DE399107-A503-4754-8568-739F8F1D49F5}.Release|Any CPU.Build.0 = Release|Any CPU
	EndGlobalSection
	GlobalSection(SolutionProperties) = preSolution
		HideSolutionNode = FALSE
	EndGlobalSection
	GlobalSection(ExtensibilityGlobals) = postSolution
		SolutionGuid = {C26A186E-0A23-4C3B-B2CC-811AF3600C68}
	EndGlobalSection
EndGlobal
